
Microsoft Visual Studio Solution File, Format Version 12.00
# Visual Studio Version 17
VisualStudioVersion = 17.6.33723.286
MinimumVisualStudioVersion = 10.0.40219.1
Project("{9A19103F-16F7-4668-BE54-9A1E7A4F7556}") = "CRUDWebApp.UI", "CRUDWebApp\CRUDWebApp.UI.csproj", "{16A286A8-61B2-46F6-87C3-87005ECFC1DB}"
EndProject
Project("{9A19103F-16F7-4668-BE54-9A1E7A4F7556}") = "CRUDWebApp.Core", "CRUDWebApp.Core\CRUDWebApp.Core.csproj", "{92B3DB04-B1E6-46DF-A064-C225062921E8}"
EndProject
Project("{9A19103F-16F7-4668-BE54-9A1E7A4F7556}") = "CRUDWebApp.Infrastructure", "CRUDWebApp.Infrastructure\CRUDWebApp.Infrastructure.csproj", "{1D3931C3-9CA7-448F-91B4-06CB989AC407}"
EndProject
Global
	GlobalSection(SolutionConfigurationPlatforms) = preSolution
		Debug|Any CPU = Debug|Any CPU
		Release|Any CPU = Release|Any CPU
	EndGlobalSection
	GlobalSection(ProjectConfigurationPlatforms) = postSolution
		{16A286A8-61B2-46F6-87C3-87005ECFC1DB}.Debug|Any CPU.ActiveCfg = Debug|Any CPU
		{16A286A8-61B2-46F6-87C3-87005ECFC1DB}.Debug|Any CPU.Build.0 = Debug|Any CPU
		{16A286A8-61B2-46F6-87C3-87005ECFC1DB}.Release|Any CPU.ActiveCfg = Release|Any CPU
		{16A286A8-61B2-46F6-87C3-87005ECFC1DB}.Release|Any CPU.Build.0 = Release|Any CPU
		{92B3DB04-B1E6-46DF-A064-C225062921E8}.Debug|Any CPU.ActiveCfg = Debug|Any CPU
		{92B3DB04-B1E6-46DF-A064-C225062921E8}.Debug|Any CPU.Build.0 = Debug|Any CPU
		{92B3DB04-B1E6-46DF-A064-C225062921E8}.Release|Any CPU.ActiveCfg = Release|Any CPU
		{92B3DB04-B1E6-46DF-A064-C225062921E8}.Release|Any CPU.Build.0 = Release|Any CPU
		{1D3931C3-9CA7-448F-91B4-06CB989AC407}.Debug|Any CPU.ActiveCfg = Debug|Any CPU
		{1D3931C3-9CA7-448F-91B4-06CB989AC407}.Debug|Any CPU.Build.0 = Debug|Any CPU
		{1D3931C3-9CA7-448F-91B4-06CB989AC407}.Release|Any CPU.ActiveCfg = Release|Any CPU
		{1D3931C3-9CA7-448F-91B4-06CB989AC407}.Release|Any CPU.Build.0 = Release|Any CPU
	EndGlobalSection
	GlobalSection(SolutionProperties) = preSolution
		HideSolutionNode = FALSE
	EndGlobalSection
	GlobalSection(ExtensibilityGlobals) = postSolution
		SolutionGuid = {527B9355-F05F-43B9-883B-59F34CB8755E}
	EndGlobalSection
EndGlobal
